
Microsoft Visual Studio Solution File, Format Version 12.00
# Visual Studio Version 17
VisualStudioVersion = 17.2.32616.157
MinimumVisualStudioVersion = 10.0.40219.1
Project("{9A19103F-16F7-4668-BE54-9A1E7A4F7556}") = "ShoeStore", "ShoeStore.csproj", "{554CD6BD-7620-43FB-B926-2AD7F7DBA86B}"
EndProject
Global
	GlobalSection(SolutionConfigurationPlatforms) = preSolution
		Debug|Any CPU = Debug|Any CPU
		Release|Any CPU = Release|Any CPU
	EndGlobalSection
	GlobalSection(ProjectConfigurationPlatforms) = postSolution
		{554CD6BD-7620-43FB-B926-2AD7F7DBA86B}.Debug|Any CPU.ActiveCfg = Debug|Any CPU
		{554CD6BD-7620-43FB-B926-2AD7F7DBA86B}.Debug|Any CPU.Build.0 = Debug|Any CPU
		{554CD6BD-7620-43FB-B926-2AD7F7DBA86B}.Release|Any CPU.ActiveCfg = Release|Any CPU
		{554CD6BD-7620-43FB-B926-2AD7F7DBA86B}.Release|Any CPU.Build.0 = Release|Any CPU
	EndGlobalSection
	GlobalSection(SolutionProperties) = preSolution
		HideSolutionNode = FALSE
	EndGlobalSection
	GlobalSection(ExtensibilityGlobals) = postSolution
		SolutionGuid = {24C7CABB-854E-498E-9411-C70E69FE3917}
	EndGlobalSection
EndGlobal
