
Microsoft Visual Studio Solution File, Format Version 12.00
# Visual Studio Version 17
VisualStudioVersion = 17.2.32616.157
MinimumVisualStudioVersion = 10.0.40219.1
Project("{9A19103F-16F7-4668-BE54-9A1E7A4F7556}") = "02.AnimalFarm", "02.AnimalFarm.csproj", "{15D3B933-52A1-427F-AC5D-D3919B683988}"
EndProject
Global
	GlobalSection(SolutionConfigurationPlatforms) = preSolution
		Debug|Any CPU = Debug|Any CPU
		Release|Any CPU = Release|Any CPU
	EndGlobalSection
	GlobalSection(ProjectConfigurationPlatforms) = postSolution
		{15D3B933-52A1-427F-AC5D-D3919B683988}.Debug|Any CPU.ActiveCfg = Debug|Any CPU
		{15D3B933-52A1-427F-AC5D-D3919B683988}.Debug|Any CPU.Build.0 = Debug|Any CPU
		{15D3B933-52A1-427F-AC5D-D3919B683988}.Release|Any CPU.ActiveCfg = Release|Any CPU
		{15D3B933-52A1-427F-AC5D-D3919B683988}.Release|Any CPU.Build.0 = Release|Any CPU
	EndGlobalSection
	GlobalSection(SolutionProperties) = preSolution
		HideSolutionNode = FALSE
	EndGlobalSection
	GlobalSection(ExtensibilityGlobals) = postSolution
		SolutionGuid = {529C4F68-4F89-4E09-8E40-0254B0D3A8DC}
	EndGlobalSection
EndGlobal
